
Microsoft Visual Studio Solution File, Format Version 12.00
# Visual Studio Version 17
VisualStudioVersion = 17.8.34330.188
MinimumVisualStudioVersion = 10.0.40219.1
Project("{FAE04EC0-301F-11D3-BF4B-00C04F79EFBC}") = "Bloody Shapes", "Bloody Shapes.csproj", "{85E9DF08-0BE8-4655-82FA-7DAA34298390}"
EndProject
Global
	GlobalSection(SolutionConfigurationPlatforms) = preSolution
		Debug|Any CPU = Debug|Any CPU
		Release|Any CPU = Release|Any CPU
	EndGlobalSection
	GlobalSection(ProjectConfigurationPlatforms) = postSolution
		{85E9DF08-0BE8-4655-82FA-7DAA34298390}.Debug|Any CPU.ActiveCfg = Debug|Any CPU
		{85E9DF08-0BE8-4655-82FA-7DAA34298390}.Debug|Any CPU.Build.0 = Debug|Any CPU
		{85E9DF08-0BE8-4655-82FA-7DAA34298390}.Release|Any CPU.ActiveCfg = Release|Any CPU
		{85E9DF08-0BE8-4655-82FA-7DAA34298390}.Release|Any CPU.Build.0 = Release|Any CPU
	EndGlobalSection
	GlobalSection(SolutionProperties) = preSolution
		HideSolutionNode = FALSE
	EndGlobalSection
	GlobalSection(ExtensibilityGlobals) = postSolution
		SolutionGuid = {BC63A34C-CE3D-49BA-A98A-BCA0C63FD2EA}
	EndGlobalSection
EndGlobal
